
Microsoft Visual Studio Solution File, Format Version 12.00
# Visual Studio Version 17
VisualStudioVersion = 17.0.31903.59
MinimumVisualStudioVersion = 10.0.40219.1
Project("{FAE04EC0-301F-11D3-BF4B-00C04F79EFBC}") = "FlightManagementClasses", "FlightManagementClasses.csproj", "{70DDE41F-11F9-4873-9B3A-B2078E333CCF}"
EndProject
Global
	GlobalSection(SolutionConfigurationPlatforms) = preSolution
		Debug|Any CPU = Debug|Any CPU
		Release|Any CPU = Release|Any CPU
	EndGlobalSection
	GlobalSection(ProjectConfigurationPlatforms) = postSolution
		{70DDE41F-11F9-4873-9B3A-B2078E333CCF}.Debug|Any CPU.ActiveCfg = Debug|Any CPU
		{70DDE41F-11F9-4873-9B3A-B2078E333CCF}.Debug|Any CPU.Build.0 = Debug|Any CPU
		{70DDE41F-11F9-4873-9B3A-B2078E333CCF}.Release|Any CPU.ActiveCfg = Release|Any CPU
		{70DDE41F-11F9-4873-9B3A-B2078E333CCF}.Release|Any CPU.Build.0 = Release|Any CPU
	EndGlobalSection
	GlobalSection(SolutionProperties) = preSolution
		HideSolutionNode = FALSE
	EndGlobalSection
	GlobalSection(ExtensibilityGlobals) = postSolution
		SolutionGuid = {E1D9E494-B158-4572-8B26-CCEE98B3BCAA}
	EndGlobalSection
EndGlobal
